
Microsoft Visual Studio Solution File, Format Version 12.00
# Visual Studio Version 17
VisualStudioVersion = 17.5.001.0
MinimumVisualStudioVersion = 10.0.40219.1
Project("{9A19103F-16F7-4668-BE54-9A1E7A4F7556}") = "DesafioFundamentos", "DesafioFundamentos.csproj", "{4A1842F9-CAC6-47C4-9859-E2BCD0361A4A}"
EndProject
Global
	GlobalSection(SolutionConfigurationPlatforms) = preSolution
		Debug|Any CPU = Debug|Any CPU
		Release|Any CPU = Release|Any CPU
	EndGlobalSection
	GlobalSection(ProjectConfigurationPlatforms) = postSolution
		{4A1842F9-CAC6-47C4-9859-E2BCD0361A4A}.Debug|Any CPU.ActiveCfg = Debug|Any CPU
		{4A1842F9-CAC6-47C4-9859-E2BCD0361A4A}.Debug|Any CPU.Build.0 = Debug|Any CPU
		{4A1842F9-CAC6-47C4-9859-E2BCD0361A4A}.Release|Any CPU.ActiveCfg = Release|Any CPU
		{4A1842F9-CAC6-47C4-9859-E2BCD0361A4A}.Release|Any CPU.Build.0 = Release|Any CPU
	EndGlobalSection
	GlobalSection(SolutionProperties) = preSolution
		HideSolutionNode = FALSE
	EndGlobalSection
	GlobalSection(ExtensibilityGlobals) = postSolution
		SolutionGuid = {463B8924-1306-4FA1-8764-DF9BF3A536F5}
	EndGlobalSection
EndGlobal
